
Microsoft Visual Studio Solution File, Format Version 12.00
Project("{FAE04EC0-301F-11D3-BF4B-00C04F79EFBC}") = "ApplianceX.Client.Main", "ApplianceX.Client.Main\ApplianceX.Client.Main.csproj", "{A45148C3-0741-4E3B-8A2F-C03F4C6D2178}"
EndProject
Global
	GlobalSection(SolutionConfigurationPlatforms) = preSolution
		Debug|Any CPU = Debug|Any CPU
		Release|Any CPU = Release|Any CPU
	EndGlobalSection
	GlobalSection(ProjectConfigurationPlatforms) = postSolution
		{A45148C3-0741-4E3B-8A2F-C03F4C6D2178}.Debug|Any CPU.ActiveCfg = Debug|Any CPU
		{A45148C3-0741-4E3B-8A2F-C03F4C6D2178}.Debug|Any CPU.Build.0 = Debug|Any CPU
		{A45148C3-0741-4E3B-8A2F-C03F4C6D2178}.Release|Any CPU.ActiveCfg = Release|Any CPU
		{A45148C3-0741-4E3B-8A2F-C03F4C6D2178}.Release|Any CPU.Build.0 = Release|Any CPU
	EndGlobalSection
EndGlobal
